{
  "version": 4,
  "terraform_version": "1.6.4",
  "serial": 25,
  "lineage": "1a360f43-cc22-7a48-866a-f684979bc69b",
  "outputs": {},
  "resources": [
    {
      "mode": "managed",
      "type": "local_file",
      "name": "demo",
      "provider": "provider[\"registry.terraform.io/hashicorp/local\"]",
      "instances": [
        {
          "schema_version": 0,
          "attributes": {
            "content": "this is demo fro variables 3",
            "content_base64": null,
            "content_base64sha256": "x3TH3y5auP6BtpBcVHvmVRYQkQe1+pLOQj1nHTQ7Ty0=",
            "content_base64sha512": "IPzztki3w7UnRDj+2jvmsAew7/qF1sNuc+QRw/IPPPSq8vPR0AKoQfg/1WhdGSC2Hq1bVkepX8poy12T8M1mOQ==",
            "content_md5": "2ae9bc128b116f03d9e901ba9b3c744c",
            "content_sha1": "b6d14f3a2c5f94c41bab656269cff368213d9479",
            "content_sha256": "c774c7df2e5ab8fe81b6905c547be65516109107b5fa92ce423d671d343b4f2d",
            "content_sha512": "20fcf3b648b7c3b5274438feda3be6b007b0effa85d6c36e73e411c3f20f3cf4aaf2f3d1d002a841f83fd5685d1920b61ead5b5647a95fca68cb5d93f0cd6639",
            "directory_permission": "0777",
            "file_permission": "0777",
            "filename": "var_demo_3",
            "id": "b6d14f3a2c5f94c41bab656269cff368213d9479",
            "sensitive_content": null,
            "source": null
          },
          "sensitive_attributes": []
        }
      ]
    }
  ],
  "check_results": null
}
