{
  "version": 4,
  "terraform_version": "1.6.4",
  "serial": 28,
  "lineage": "1a360f43-cc22-7a48-866a-f684979bc69b",
  "outputs": {},
  "resources": [
    {
      "mode": "managed",
      "type": "local_file",
      "name": "demo2",
      "provider": "provider[\"registry.terraform.io/hashicorp/local\"]",
      "instances": [
        {
          "schema_version": 0,
          "attributes": {
            "content": "this is demo fro variable 2.......",
            "content_base64": null,
            "content_base64sha256": "8jrE4PH/vBYUq9IqRadhAUizzqahjo63hhNniSwqn6M=",
            "content_base64sha512": "pWWy/6mm86OLxGCRM+0hW9ZY1BrOhDm9g+lGH3YEv8OhZ0YgsuOGnbtoc9X1ZAPlq6gmzSbiDNxkhK5pkiBuQQ==",
            "content_md5": "24ebadef7e67740b2dee273e81f28294",
            "content_sha1": "e671d9c5d30358f4f7f9dc8af5ca5ed3c5ba7091",
            "content_sha256": "f23ac4e0f1ffbc1614abd22a45a7610148b3cea6a18e8eb7861367892c2a9fa3",
            "content_sha512": "a565b2ffa9a6f3a38bc4609133ed215bd658d41ace8439bd83e9461f7604bfc3a1674620b2e3869dbb6873d5f56403e5aba826cd26e20cdc6484ae6992206e41",
            "directory_permission": "0777",
            "file_permission": "0777",
            "filename": "var_demo_2",
            "id": "e671d9c5d30358f4f7f9dc8af5ca5ed3c5ba7091",
            "sensitive_content": null,
            "source": null
          },
          "sensitive_attributes": []
        }
      ]
    }
  ],
  "check_results": null
}
